Microsoft Visual Studio Solution File, Format Version 11.00
# Visual Studio 2010
Project("{F184B08F-C81C-45F6-A57F-5ABD9991F28F}") = "Series_ScatterLine", "Series_ScatterLine\Series_ScatterLine.vbproj", "{B629BEA6-B820-4F91-BB91-671AB25E222D}"
EndProject
Global
	GlobalSection(SolutionConfigurationPlatforms) = preSolution
		Debug|Any CPU = Debug|Any CPU
		Release|Any CPU = Release|Any CPU
	EndGlobalSection
	GlobalSection(ProjectConfigurationPlatforms) = postSolution
		{B629BEA6-B820-4F91-BB91-671AB25E222D}.Debug|Any CPU.ActiveCfg = Debug|Any CPU
		{B629BEA6-B820-4F91-BB91-671AB25E222D}.Debug|Any CPU.Build.0 = Debug|Any CPU
		{B629BEA6-B820-4F91-BB91-671AB25E222D}.Release|Any CPU.ActiveCfg = Release|Any CPU
		{B629BEA6-B820-4F91-BB91-671AB25E222D}.Release|Any CPU.Build.0 = Release|Any CPU
	EndGlobalSection
	GlobalSection(SolutionProperties) = preSolution
		HideSolutionNode = FALSE
	EndGlobalSection
EndGlobal
